// !$*UTF8*$!
{
	archiveVersion = 1;
	classes = {
	};
	objectVersion = 48;
	objects = {

/* Begin PBXBuildFile section */
		13205E89E66BD77C3F7058C0 /* Pods_HLSinaWeibo.framework in Frameworks */ = {isa = PBXBuildFile; fileRef = 156B20879044D2C3356B8C48 /* Pods_HLSinaWeibo.framework */; };
		8F1F87AA2050C71200C0584A /* AppDelegate.swift in Sources */ = {isa = PBXBuildFile; fileRef = 8F1F87A92050C71200C0584A /* AppDelegate.swift */; };
		8F1F87AF2050C71200C0584A /* Main.storyboard in Resources */ = {isa = PBXBuildFile; fileRef = 8F1F87AD2050C71200C0584A /* Main.storyboard */; };
		8F1F87B12050C71200C0584A /* Assets.xcassets in Resources */ = {isa = PBXBuildFile; fileRef = 8F1F87B02050C71200C0584A /* Assets.xcassets */; };
		8F1F87B42050C71200C0584A /* LaunchScreen.storyboard in Resources */ = {isa = PBXBuildFile; fileRef = 8F1F87B22050C71200C0584A /* LaunchScreen.storyboard */; };
		8F1F87BF2050C71200C0584A /* HLSinaWeiboTests.swift in Sources */ = {isa = PBXBuildFile; fileRef = 8F1F87BE2050C71200C0584A /* HLSinaWeiboTests.swift */; };
		8F1F87CA2050C71200C0584A /* HLSinaWeiboUITests.swift in Sources */ = {isa = PBXBuildFile; fileRef = 8F1F87C92050C71200C0584A /* HLSinaWeiboUITests.swift */; };
		8F1F87D82050C7C900C0584A /* HLPagingViewController.swift in Sources */ = {isa = PBXBuildFile; fileRef = 8F1F87D72050C7C900C0584A /* HLPagingViewController.swift */; };
		8F1F87E62050D2B600C0584A /* HLProfileTableViewController.swift in Sources */ = {isa = PBXBuildFile; fileRef = 8F1F87E52050D2B600C0584A /* HLProfileTableViewController.swift */; };
		8F1F87E82050D41D00C0584A /* HLWeiboTableViewController.swift in Sources */ = {isa = PBXBuildFile; fileRef = 8F1F87E72050D41D00C0584A /* HLWeiboTableViewController.swift */; };
		8F1F87EA2050D7E900C0584A /* HLPagingHeaderView.swift in Sources */ = {isa = PBXBuildFile; fileRef = 8F1F87E92050D7E900C0584A /* HLPagingHeaderView.swift */; };
		8F1F87ED2051626A00C0584A /* HLNewsTableViewController.swift in Sources */ = {isa = PBXBuildFile; fileRef = 8F1F87EC2051626A00C0584A /* HLNewsTableViewController.swift */; };
/* End PBXBuildFile section */

/* Begin PBXContainerItemProxy section */
		8F1F87BB2050C71200C0584A /* PBXContainerItemProxy */ = {
			isa = PBXContainerItemProxy;
			containerPortal = 8F1F879E2050C71200C0584A /* Project object */;
			proxyType = 1;
			remoteGlobalIDString = 8F1F87A52050C71200C0584A;
			remoteInfo = HLSinaWeibo;
		};
		8F1F87C62050C71200C0584A /* PBXContainerItemProxy */ = {
			isa = PBXContainerItemProxy;
			containerPortal = 8F1F879E2050C71200C0584A /* Project object */;
			proxyType = 1;
			remoteGlobalIDString = 8F1F87A52050C71200C0584A;
			remoteInfo = HLSinaWeibo;
		};
/* End PBXContainerItemProxy section */

/* Begin PBXFileReference section */
		04E82E48653306FA2394D411 /* Pods-HLSinaWeibo.release.xcconfig */ = {isa = PBXFileReference; includeInIndex = 1; lastKnownFileType = text.xcconfig; name = "Pods-HLSinaWeibo.release.xcconfig"; path = "Pods/Target Support Files/Pods-HLSinaWeibo/Pods-HLSinaWeibo.release.xcconfig"; sourceTree = "<group>"; };
		156B20879044D2C3356B8C48 /* Pods_HLSinaWeibo.framework */ = {isa = PBXFileReference; explicitFileType = wrapper.framework; includeInIndex = 0; path = Pods_HLSinaWeibo.framework; sourceTree = BUILT_PRODUCTS_DIR; };
		8F1F87A62050C71200C0584A /* HLSinaWeibo.app */ = {isa = PBXFileReference; explicitFileType = wrapper.application; includeInIndex = 0; path = HLSinaWeibo.app; sourceTree = BUILT_PRODUCTS_DIR; };
		8F1F87A92050C71200C0584A /* AppDelegate.swift */ = {isa = PBXFileReference; lastKnownFileType = sourcecode.swift; path = AppDelegate.swift; sourceTree = "<group>"; };
		8F1F87AE2050C71200C0584A /* Base */ = {isa = PBXFileReference; lastKnownFileType = file.storyboard; name = Base; path = Base.lproj/Main.storyboard; sourceTree = "<group>"; };
		8F1F87B02050C71200C0584A /* Assets.xcassets */ = {isa = PBXFileReference; lastKnownFileType = folder.assetcatalog; path = Assets.xcassets; sourceTree = "<group>"; };
		8F1F87B32050C71200C0584A /* Base */ = {isa = PBXFileReference; lastKnownFileType = file.storyboard; name = Base; path = Base.lproj/LaunchScreen.storyboard; sourceTree = "<group>"; };
		8F1F87B52050C71200C0584A /* Info.plist */ = {isa = PBXFileReference; lastKnownFileType = text.plist.xml; path = Info.plist; sourceTree = "<group>"; };
		8F1F87BA2050C71200C0584A /* HLSinaWeiboTests.xctest */ = {isa = PBXFileReference; explicitFileType = wrapper.cfbundle; includeInIndex = 0; path = HLSinaWeiboTests.xctest; sourceTree = BUILT_PRODUCTS_DIR; };
		8F1F87BE2050C71200C0584A /* HLSinaWeiboTests.swift */ = {isa = PBXFileReference; lastKnownFileType = sourcecode.swift; path = HLSinaWeiboTests.swift; sourceTree = "<group>"; };
		8F1F87C02050C71200C0584A /* Info.plist */ = {isa = PBXFileReference; lastKnownFileType = text.plist.xml; path = Info.plist; sourceTree = "<group>"; };
		8F1F87C52050C71200C0584A /* HLSinaWeiboUITests.xctest */ = {isa = PBXFileReference; explicitFileType = wrapper.cfbundle; includeInIndex = 0; path = HLSinaWeiboUITests.xctest; sourceTree = BUILT_PRODUCTS_DIR; };
		8F1F87C92050C71200C0584A /* HLSinaWeiboUITests.swift */ = {isa = PBXFileReference; lastKnownFileType = sourcecode.swift; path = HLSinaWeiboUITests.swift; sourceTree = "<group>"; };
		8F1F87CB2050C71200C0584A /* Info.plist */ = {isa = PBXFileReference; lastKnownFileType = text.plist.xml; path = Info.plist; sourceTree = "<group>"; };
		8F1F87D72050C7C900C0584A /* HLPagingViewController.swift */ = {isa = PBXFileReference; lastKnownFileType = sourcecode.swift; path = HLPagingViewController.swift; sourceTree = "<group>"; };
		8F1F87E52050D2B600C0584A /* HLProfileTableViewController.swift */ = {isa = PBXFileReference; lastKnownFileType = sourcecode.swift; path = HLProfileTableViewController.swift; sourceTree = "<group>"; };
		8F1F87E72050D41D00C0584A /* HLWeiboTableViewController.swift */ = {isa = PBXFileReference; lastKnownFileType = sourcecode.swift; path = HLWeiboTableViewController.swift; sourceTree = "<group>"; };
		8F1F87E92050D7E900C0584A /* HLPagingHeaderView.swift */ = {isa = PBXFileReference; lastKnownFileType = sourcecode.swift; path = HLPagingHeaderView.swift; sourceTree = "<group>"; };
		8F1F87EB20511C0B00C0584A /* HLSinaWeibo-Bridging-Header.h */ = {isa = PBXFileReference; lastKnownFileType = sourcecode.c.h; path = "HLSinaWeibo-Bridging-Header.h"; sourceTree = "<group>"; };
		8F1F87EC2051626A00C0584A /* HLNewsTableViewController.swift */ = {isa = PBXFileReference; lastKnownFileType = sourcecode.swift; path = HLNewsTableViewController.swift; sourceTree = "<group>"; };
		E7BCB77EB07ACABD84A510FA /* Pods-HLSinaWeibo.debug.xcconfig */ = {isa = PBXFileReference; includeInIndex = 1; lastKnownFileType = text.xcconfig; name = "Pods-HLSinaWeibo.debug.xcconfig"; path = "Pods/Target Support Files/Pods-HLSinaWeibo/Pods-HLSinaWeibo.debug.xcconfig"; sourceTree = "<group>"; };
/* End PBXFileReference section */

/* Begin PBXFrameworksBuildPhase section */
		8F1F87A32050C71200C0584A /* Frameworks */ = {
			isa = PBXFrameworksBuildPhase;
			buildActionMask = 2147483647;
			files = (
				13205E89E66BD77C3F7058C0 /* Pods_HLSinaWeibo.framework in Frameworks */,
			);
			runOnlyForDeploymentPostprocessing = 0;
		};
		8F1F87B72050C71200C0584A /* Frameworks */ = {
			isa = PBXFrameworksBuildPhase;
			buildActionMask = 2147483647;
			files = (
			);
			runOnlyForDeploymentPostprocessing = 0;
		};
		8F1F87C22050C71200C0584A /* Frameworks */ = {
			isa = PBXFrameworksBuildPhase;
			buildActionMask = 2147483647;
			files = (
			);
			runOnlyForDeploymentPostprocessing = 0;
		};
/* End PBXFrameworksBuildPhase section */

/* Begin PBXGroup section */
		8F1F879D2050C71200C0584A = {
			isa = PBXGroup;
			children = (
				8F1F87A82050C71200C0584A /* HLSinaWeibo */,
				8F1F87BD2050C71200C0584A /* HLSinaWeiboTests */,
				8F1F87C82050C71200C0584A /* HLSinaWeiboUITests */,
				8F1F87A72050C71200C0584A /* Products */,
				A3E4D513D5D45C572B53230A /* Pods */,
				E679A895DC8D0B7C2EED969B /* Frameworks */,
			);
			sourceTree = "<group>";
		};
		8F1F87A72050C71200C0584A /* Products */ = {
			isa = PBXGroup;
			children = (
				8F1F87A62050C71200C0584A /* HLSinaWeibo.app */,
				8F1F87BA2050C71200C0584A /* HLSinaWeiboTests.xctest */,
				8F1F87C52050C71200C0584A /* HLSinaWeiboUITests.xctest */,
			);
			name = Products;
			sourceTree = "<group>";
		};
		8F1F87A82050C71200C0584A /* HLSinaWeibo */ = {
			isa = PBXGroup;
			children = (
				8F1F87EB20511C0B00C0584A /* HLSinaWeibo-Bridging-Header.h */,
				8F1F87DB2050CA3E00C0584A /* SinaWeiboUserSpace */,
				8F1F87A92050C71200C0584A /* AppDelegate.swift */,
				8F1F87AD2050C71200C0584A /* Main.storyboard */,
				8F1F87B02050C71200C0584A /* Assets.xcassets */,
				8F1F87B22050C71200C0584A /* LaunchScreen.storyboard */,
				8F1F87B52050C71200C0584A /* Info.plist */,
			);
			path = HLSinaWeibo;
			sourceTree = "<group>";
		};
		8F1F87BD2050C71200C0584A /* HLSinaWeiboTests */ = {
			isa = PBXGroup;
			children = (
				8F1F87BE2050C71200C0584A /* HLSinaWeiboTests.swift */,
				8F1F87C02050C71200C0584A /* Info.plist */,
			);
			path = HLSinaWeiboTests;
			sourceTree = "<group>";
		};
		8F1F87C82050C71200C0584A /* HLSinaWeiboUITests */ = {
			isa = PBXGroup;
			children = (
				8F1F87C92050C71200C0584A /* HLSinaWeiboUITests.swift */,
				8F1F87CB2050C71200C0584A /* Info.plist */,
			);
			path = HLSinaWeiboUITests;
			sourceTree = "<group>";
		};
		8F1F87DB2050CA3E00C0584A /* SinaWeiboUserSpace */ = {
			isa = PBXGroup;
			children = (
				8F1F87E22050CCA600C0584A /* Controller */,
				8F1F87E42050CCA600C0584A /* Model */,
				8F1F87E32050CCA600C0584A /* View */,
			);
			path = SinaWeiboUserSpace;
			sourceTree = "<group>";
		};
		8F1F87E22050CCA600C0584A /* Controller */ = {
			isa = PBXGroup;
			children = (
				8F1F87EC2051626A00C0584A /* HLNewsTableViewController.swift */,
				8F1F87E52050D2B600C0584A /* HLProfileTableViewController.swift */,
				8F1F87E72050D41D00C0584A /* HLWeiboTableViewController.swift */,
				8F1F87D72050C7C900C0584A /* HLPagingViewController.swift */,
			);
			path = Controller;
			sourceTree = "<group>";
		};
		8F1F87E32050CCA600C0584A /* View */ = {
			isa = PBXGroup;
			children = (
				8F1F87E92050D7E900C0584A /* HLPagingHeaderView.swift */,
			);
			path = View;
			sourceTree = "<group>";
		};
		8F1F87E42050CCA600C0584A /* Model */ = {
			isa = PBXGroup;
			children = (
			);
			path = Model;
			sourceTree = "<group>";
		};
		A3E4D513D5D45C572B53230A /* Pods */ = {
			isa = PBXGroup;
			children = (
				E7BCB77EB07ACABD84A510FA /* Pods-HLSinaWeibo.debug.xcconfig */,
				04E82E48653306FA2394D411 /* Pods-HLSinaWeibo.release.xcconfig */,
			);
			name = Pods;
			sourceTree = "<group>";
		};
		E679A895DC8D0B7C2EED969B /* Frameworks */ = {
			isa = PBXGroup;
			children = (
				156B20879044D2C3356B8C48 /* Pods_HLSinaWeibo.framework */,
			);
			name = Frameworks;
			sourceTree = "<group>";
		};
/* End PBXGroup section */

/* Begin PBXNativeTarget section */
		8F1F87A52050C71200C0584A /* HLSinaWeibo */ = {
			isa = PBXNativeTarget;
			buildConfigurationList = 8F1F87CE2050C71200C0584A /* Build configuration list for PBXNativeTarget "HLSinaWeibo" */;
			buildPhases = (
				AA90A8E02E564C932844D7B7 /* [CP] Check Pods Manifest.lock */,
				8F1F87A22050C71200C0584A /* Sources */,
				8F1F87A32050C71200C0584A /* Frameworks */,
				8F1F87A42050C71200C0584A /* Resources */,
				F960C688CB8E3474DD6119DF /* [CP] Embed Pods Frameworks */,
				B3F5DB0B210A1F0EF4407BC1 /* [CP] Copy Pods Resources */,
			);
			buildRules = (
			);
			dependencies = (
			);
			name = HLSinaWeibo;
			productName = HLSinaWeibo;
			productReference = 8F1F87A62050C71200C0584A /* HLSinaWeibo.app */;
			productType = "com.apple.product-type.application";
		};
		8F1F87B92050C71200C0584A /* HLSinaWeiboTests */ = {
			isa = PBXNativeTarget;
			buildConfigurationList = 8F1F87D12050C71200C0584A /* Build configuration list for PBXNativeTarget "HLSinaWeiboTests" */;
			buildPhases = (
				8F1F87B62050C71200C0584A /* Sources */,
				8F1F87B72050C71200C0584A /* Frameworks */,
				8F1F87B82050C71200C0584A /* Resources */,
			);
			buildRules = (
			);
			dependencies = (
				8F1F87BC2050C71200C0584A /* PBXTargetDependency */,
			);
			name = HLSinaWeiboTests;
			productName = HLSinaWeiboTests;
			productReference = 8F1F87BA2050C71200C0584A /* HLSinaWeiboTests.xctest */;
			productType = "com.apple.product-type.bundle.unit-test";
		};
		8F1F87C42050C71200C0584A /* HLSinaWeiboUITests */ = {
			isa = PBXNativeTarget;
			buildConfigurationList = 8F1F87D42050C71200C0584A /* Build configuration list for PBXNativeTarget "HLSinaWeiboUITests" */;
			buildPhases = (
				8F1F87C12050C71200C0584A /* Sources */,
				8F1F87C22050C71200C0584A /* Frameworks */,
				8F1F87C32050C71200C0584A /* Resources */,
			);
			buildRules = (
			);
			dependencies = (
				8F1F87C72050C71200C0584A /* PBXTargetDependency */,
			);
			name = HLSinaWeiboUITests;
			productName = HLSinaWeiboUITests;
			productReference = 8F1F87C52050C71200C0584A /* HLSinaWeiboUITests.xctest */;
			productType = "com.apple.product-type.bundle.ui-testing";
		};
/* End PBXNativeTarget section */

/* Begin PBXProject section */
		8F1F879E2050C71200C0584A /* Project object */ = {
			isa = PBXProject;
			attributes = {
				CLASSPREFIX = HL;
				LastSwiftUpdateCheck = 0910;
				LastUpgradeCheck = 0910;
				ORGANIZATIONNAME = Dianzhi;
				TargetAttributes = {
					8F1F87A52050C71200C0584A = {
						CreatedOnToolsVersion = 9.1;
						ProvisioningStyle = Automatic;
					};
					8F1F87B92050C71200C0584A = {
						CreatedOnToolsVersion = 9.1;
						ProvisioningStyle = Automatic;
						TestTargetID = 8F1F87A52050C71200C0584A;
					};
					8F1F87C42050C71200C0584A = {
						CreatedOnToolsVersion = 9.1;
						ProvisioningStyle = Automatic;
						TestTargetID = 8F1F87A52050C71200C0584A;
					};
				};
			};
			buildConfigurationList = 8F1F87A12050C71200C0584A /* Build configuration list for PBXProject "HLSinaWeibo" */;
			compatibilityVersion = "Xcode 8.0";
			developmentRegion = en;
			hasScannedForEncodings = 0;
			knownRegions = (
				en,
				Base,
			);
			mainGroup = 8F1F879D2050C71200C0584A;
			productRefGroup = 8F1F87A72050C71200C0584A /* Products */;
			projectDirPath = "";
			projectRoot = "";
			targets = (
				8F1F87A52050C71200C0584A /* HLSinaWeibo */,
				8F1F87B92050C71200C0584A /* HLSinaWeiboTests */,
				8F1F87C42050C71200C0584A /* HLSinaWeiboUITests */,
			);
		};
/* End PBXProject section */

/* Begin PBXResourcesBuildPhase section */
		8F1F87A42050C71200C0584A /* Resources */ = {
			isa = PBXResourcesBuildPhase;
			buildActionMask = 2147483647;
			files = (
				8F1F87B42050C71200C0584A /* LaunchScreen.storyboard in Resources */,
				8F1F87B12050C71200C0584A /* Assets.xcassets in Resources */,
				8F1F87AF2050C71200C0584A /* Main.storyboard in Resources */,
			);
			runOnlyForDeploymentPostprocessing = 0;
		};
		8F1F87B82050C71200C0584A /* Resources */ = {
			isa = PBXResourcesBuildPhase;
			buildActionMask = 2147483647;
			files = (
			);
			runOnlyForDeploymentPostprocessing = 0;
		};
		8F1F87C32050C71200C0584A /* Resources */ = {
			isa = PBXResourcesBuildPhase;
			buildActionMask = 2147483647;
			files = (
			);
			runOnlyForDeploymentPostprocessing = 0;
		};
/* End PBXResourcesBuildPhase section */

/* Begin PBXShellScriptBuildPhase section */
		AA90A8E02E564C932844D7B7 /* [CP] Check Pods Manifest.lock */ = {
			isa = PBXShellScriptBuildPhase;
			buildActionMask = 2147483647;
			files = (
			);
			inputPaths = (
				"${PODS_PODFILE_DIR_PATH}/Podfile.lock",
				"${PODS_ROOT}/Manifest.lock",
			);
			name = "[CP] Check Pods Manifest.lock";
			outputPaths = (
				"$(DERIVED_FILE_DIR)/Pods-HLSinaWeibo-checkManifestLockResult.txt",
			);
			runOnlyForDeploymentPostprocessing = 0;
			shellPath = /bin/sh;
			shellScript = "diff \"${PODS_PODFILE_DIR_PATH}/Podfile.lock\" \"${PODS_ROOT}/Manifest.lock\" > /dev/null\nif [ $? != 0 ] ; then\n    # print error to STDERR\n    echo \"error: The sandbox is not in sync with the Podfile.lock. Run 'pod install' or update your CocoaPods installation.\" >&2\n    exit 1\nfi\n# This output is used by Xcode 'outputs' to avoid re-running this script phase.\necho \"SUCCESS\" > \"${SCRIPT_OUTPUT_FILE_0}\"\n";
			showEnvVarsInLog = 0;
		};
		B3F5DB0B210A1F0EF4407BC1 /* [CP] Copy Pods Resources */ = {
			isa = PBXShellScriptBuildPhase;
			buildActionMask = 2147483647;
			files = (
			);
			inputPaths = (
			);
			name = "[CP] Copy Pods Resources";
			outputPaths = (
			);
			runOnlyForDeploymentPostprocessing = 0;
			shellPath = /bin/sh;
			shellScript = "\"${SRCROOT}/Pods/Target Support Files/Pods-HLSinaWeibo/Pods-HLSinaWeibo-resources.sh\"\n";
			showEnvVarsInLog = 0;
		};
		F960C688CB8E3474DD6119DF /* [CP] Embed Pods Frameworks */ = {
			isa = PBXShellScriptBuildPhase;
			buildActionMask = 2147483647;
			files = (
			);
			inputPaths = (
				"${SRCROOT}/Pods/Target Support Files/Pods-HLSinaWeibo/Pods-HLSinaWeibo-frameworks.sh",
				"${BUILT_PRODUCTS_DIR}/MJExtension/MJExtension.framework",
				"${BUILT_PRODUCTS_DIR}/Masonry/Masonry.framework",
				"${BUILT_PRODUCTS_DIR}/SnapKit/SnapKit.framework",
			);
			name = "[CP] Embed Pods Frameworks";
			outputPaths = (
				"${TARGET_BUILD_DIR}/${FRAMEWORKS_FOLDER_PATH}/MJExtension.framework",
				"${TARGET_BUILD_DIR}/${FRAMEWORKS_FOLDER_PATH}/Masonry.framework",
				"${TARGET_BUILD_DIR}/${FRAMEWORKS_FOLDER_PATH}/SnapKit.framework",
			);
			runOnlyForDeploymentPostprocessing = 0;
			shellPath = /bin/sh;
			shellScript = "\"${SRCROOT}/Pods/Target Support Files/Pods-HLSinaWeibo/Pods-HLSinaWeibo-frameworks.sh\"\n";
			showEnvVarsInLog = 0;
		};
/* End PBXShellScriptBuildPhase section */

/* Begin PBXSourcesBuildPhase section */
		8F1F87A22050C71200C0584A /* Sources */ = {
			isa = PBXSourcesBuildPhase;
			buildActionMask = 2147483647;
			files = (
				8F1F87D82050C7C900C0584A /* HLPagingViewController.swift in Sources */,
				8F1F87EA2050D7E900C0584A /* HLPagingHeaderView.swift in Sources */,
				8F1F87ED2051626A00C0584A /* HLNewsTableViewController.swift in Sources */,
				8F1F87E62050D2B600C0584A /* HLProfileTableViewController.swift in Sources */,
				8F1F87AA2050C71200C0584A /* AppDelegate.swift in Sources */,
				8F1F87E82050D41D00C0584A /* HLWeiboTableViewController.swift in Sources */,
			);
			runOnlyForDeploymentPostprocessing = 0;
		};
		8F1F87B62050C71200C0584A /* Sources */ = {
			isa = PBXSourcesBuildPhase;
			buildActionMask = 2147483647;
			files = (
				8F1F87BF2050C71200C0584A /* HLSinaWeiboTests.swift in Sources */,
			);
			runOnlyForDeploymentPostprocessing = 0;
		};
		8F1F87C12050C71200C0584A /* Sources */ = {
			isa = PBXSourcesBuildPhase;
			buildActionMask = 2147483647;
			files = (
				8F1F87CA2050C71200C0584A /* HLSinaWeiboUITests.swift in Sources */,
			);
			runOnlyForDeploymentPostprocessing = 0;
		};
/* End PBXSourcesBuildPhase section */

/* Begin PBXTargetDependency section */
		8F1F87BC2050C71200C0584A /* PBXTargetDependency */ = {
			isa = PBXTargetDependency;
			target = 8F1F87A52050C71200C0584A /* HLSinaWeibo */;
			targetProxy = 8F1F87BB2050C71200C0584A /* PBXContainerItemProxy */;
		};
		8F1F87C72050C71200C0584A /* PBXTargetDependency */ = {
			isa = PBXTargetDependency;
			target = 8F1F87A52050C71200C0584A /* HLSinaWeibo */;
			targetProxy = 8F1F87C62050C71200C0584A /* PBXContainerItemProxy */;
		};
/* End PBXTargetDependency section */

/* Begin PBXVariantGroup section */
		8F1F87AD2050C71200C0584A /* Main.storyboard */ = {
			isa = PBXVariantGroup;
			children = (
				8F1F87AE2050C71200C0584A /* Base */,
			);
			name = Main.storyboard;
			sourceTree = "<group>";
		};
		8F1F87B22050C71200C0584A /* LaunchScreen.storyboard */ = {
			isa = PBXVariantGroup;
			children = (
				8F1F87B32050C71200C0584A /* Base */,
			);
			name = LaunchScreen.storyboard;
			sourceTree = "<group>";
		};
/* End PBXVariantGroup section */

/* Begin XCBuildConfiguration section */
		8F1F87CC2050C71200C0584A /* Debug */ = {
			isa = XCBuildConfiguration;
			buildSettings = {
				ALWAYS_SEARCH_USER_PATHS = NO;
				CLANG_ANALYZER_NONNULL = YES;
				CLANG_ANALYZER_NUMBER_OBJECT_CONVERSION = YES_AGGRESSIVE;
				CLANG_CXX_LANGUAGE_STANDARD = "gnu++14";
				CLANG_CXX_LIBRARY = "libc++";
				CLANG_ENABLE_MODULES = YES;
				CLANG_ENABLE_OBJC_ARC = YES;
				CLANG_WARN_BLOCK_CAPTURE_AUTORELEASING = YES;
				CLANG_WARN_BOOL_CONVERSION = YES;
				CLANG_WARN_COMMA = YES;
				CLANG_WARN_CONSTANT_CONVERSION = YES;
				CLANG_WARN_DIRECT_OBJC_ISA_USAGE = YES_ERROR;
				CLANG_WARN_DOCUMENTATION_COMMENTS = YES;
				CLANG_WARN_EMPTY_BODY = YES;
				CLANG_WARN_ENUM_CONVERSION = YES;
				CLANG_WARN_INFINITE_RECURSION = YES;
				CLANG_WARN_INT_CONVERSION = YES;
				CLANG_WARN_NON_LITERAL_NULL_CONVERSION = YES;
				CLANG_WARN_OBJC_LITERAL_CONVERSION = YES;
				CLANG_WARN_OBJC_ROOT_CLASS = YES_ERROR;
				CLANG_WARN_RANGE_LOOP_ANALYSIS = YES;
				CLANG_WARN_STRICT_PROTOTYPES = YES;
				CLANG_WARN_SUSPICIOUS_MOVE = YES;
				CLANG_WARN_UNGUARDED_AVAILABILITY = YES_AGGRESSIVE;
				CLANG_WARN_UNREACHABLE_CODE = YES;
				CLANG_WARN__DUPLICATE_METHOD_MATCH = YES;
				CODE_SIGN_IDENTITY = "iPhone Developer";
				COPY_PHASE_STRIP = NO;
				DEBUG_INFORMATION_FORMAT = dwarf;
				ENABLE_STRICT_OBJC_MSGSEND = YES;
				ENABLE_TESTABILITY = YES;
				GCC_C_LANGUAGE_STANDARD = gnu11;
				GCC_DYNAMIC_NO_PIC = NO;
				GCC_NO_COMMON_BLOCKS = YES;
				GCC_OPTIMIZATION_LEVEL = 0;
				GCC_PREPROCESSOR_DEFINITIONS = (
					"DEBUG=1",
					"$(inherited)",
				);
				GCC_WARN_64_TO_32_BIT_CONVERSION = YES;
				GCC_WARN_ABOUT_RETURN_TYPE = YES_ERROR;
				GCC_WARN_UNDECLARED_SELECTOR = YES;
				GCC_WARN_UNINITIALIZED_AUTOS = YES_AGGRESSIVE;
				GCC_WARN_UNUSED_FUNCTION = YES;
				GCC_WARN_UNUSED_VARIABLE = YES;
				IPHONEOS_DEPLOYMENT_TARGET = 11.1;
				MTL_ENABLE_DEBUG_INFO = YES;
				ONLY_ACTIVE_ARCH = YES;
				SDKROOT = iphoneos;
				SWIFT_ACTIVE_COMPILATION_CONDITIONS = DEBUG;
				SWIFT_OPTIMIZATION_LEVEL = "-Onone";
			};
			name = Debug;
		};
		8F1F87CD2050C71200C0584A /* Release */ = {
			isa = XCBuildConfiguration;
			buildSettings = {
				ALWAYS_SEARCH_USER_PATHS = NO;
				CLANG_ANALYZER_NONNULL = YES;
				CLANG_ANALYZER_NUMBER_OBJECT_CONVERSION = YES_AGGRESSIVE;
				CLANG_CXX_LANGUAGE_STANDARD = "gnu++14";
				CLANG_CXX_LIBRARY = "libc++";
				CLANG_ENABLE_MODULES = YES;
				CLANG_ENABLE_OBJC_ARC = YES;
				CLANG_WARN_BLOCK_CAPTURE_AUTORELEASING = YES;
				CLANG_WARN_BOOL_CONVERSION = YES;
				CLANG_WARN_COMMA = YES;
				CLANG_WARN_CONSTANT_CONVERSION = YES;
				CLANG_WARN_DIRECT_OBJC_ISA_USAGE = YES_ERROR;
				CLANG_WARN_DOCUMENTATION_COMMENTS = YES;
				CLANG_WARN_EMPTY_BODY = YES;
				CLANG_WARN_ENUM_CONVERSION = YES;
				CLANG_WARN_INFINITE_RECURSION = YES;
				CLANG_WARN_INT_CONVERSION = YES;
				CLANG_WARN_NON_LITERAL_NULL_CONVERSION = YES;
				CLANG_WARN_OBJC_LITERAL_CONVERSION = YES;
				CLANG_WARN_OBJC_ROOT_CLASS = YES_ERROR;
				CLANG_WARN_RANGE_LOOP_ANALYSIS = YES;
				CLANG_WARN_STRICT_PROTOTYPES = YES;
				CLANG_WARN_SUSPICIOUS_MOVE = YES;
				CLANG_WARN_UNGUARDED_AVAILABILITY = YES_AGGRESSIVE;
				CLANG_WARN_UNREACHABLE_CODE = YES;
				CLANG_WARN__DUPLICATE_METHOD_MATCH = YES;
				CODE_SIGN_IDENTITY = "iPhone Developer";
				COPY_PHASE_STRIP = NO;
				DEBUG_INFORMATION_FORMAT = "dwarf-with-dsym";
				ENABLE_NS_ASSERTIONS = NO;
				ENABLE_STRICT_OBJC_MSGSEND = YES;
				GCC_C_LANGUAGE_STANDARD = gnu11;
				GCC_NO_COMMON_BLOCKS = YES;
				GCC_WARN_64_TO_32_BIT_CONVERSION = YES;
				GCC_WARN_ABOUT_RETURN_TYPE = YES_ERROR;
				GCC_WARN_UNDECLARED_SELECTOR = YES;
				GCC_WARN_UNINITIALIZED_AUTOS = YES_AGGRESSIVE;
				GCC_WARN_UNUSED_FUNCTION = YES;
				GCC_WARN_UNUSED_VARIABLE = YES;
				IPHONEOS_DEPLOYMENT_TARGET = 11.1;
				MTL_ENABLE_DEBUG_INFO = NO;
				SDKROOT = iphoneos;
				SWIFT_OPTIMIZATION_LEVEL = "-Owholemodule";
				VALIDATE_PRODUCT = YES;
			};
			name = Release;
		};
		8F1F87CF2050C71200C0584A /* Debug */ = {
			isa = XCBuildConfiguration;
			baseConfigurationReference = E7BCB77EB07ACABD84A510FA /* Pods-HLSinaWeibo.debug.xcconfig */;
			buildSettings = {
				ASSETCATALOG_COMPILER_APPICON_NAME = AppIcon;
				CODE_SIGN_STYLE = Automatic;
				DEVELOPMENT_TEAM = JZ4N33QRV7;
				INFOPLIST_FILE = HLSinaWeibo/Info.plist;
				LD_RUNPATH_SEARCH_PATHS = "$(inherited) @executable_path/Frameworks";
				PRODUCT_BUNDLE_IDENTIFIER = HuilinZhu.DianZhi.Com.HLSinaWeibo;
				PRODUCT_NAME = "$(TARGET_NAME)";
				SWIFT_OBJC_BRIDGING_HEADER = "/Applications/我的项目/MainProject/HLSinaWeibo/HLSinaWeibo/HLSinaWeibo-Bridging-Header.h";
				SWIFT_VERSION = 4.0;
				TARGETED_DEVICE_FAMILY = "1,2";
			};
			name = Debug;
		};
		8F1F87D02050C71200C0584A /* Release */ = {
			isa = XCBuildConfiguration;
			baseConfigurationReference = 04E82E48653306FA2394D411 /* Pods-HLSinaWeibo.release.xcconfig */;
			buildSettings = {
				ASSETCATALOG_COMPILER_APPICON_NAME = AppIcon;
				CODE_SIGN_STYLE = Automatic;
				DEVELOPMENT_TEAM = JZ4N33QRV7;
				INFOPLIST_FILE = HLSinaWeibo/Info.plist;
				LD_RUNPATH_SEARCH_PATHS = "$(inherited) @executable_path/Frameworks";
				PRODUCT_BUNDLE_IDENTIFIER = HuilinZhu.DianZhi.Com.HLSinaWeibo;
				PRODUCT_NAME = "$(TARGET_NAME)";
				SWIFT_OBJC_BRIDGING_HEADER = "/Applications/我的项目/MainProject/HLSinaWeibo/HLSinaWeibo/HLSinaWeibo-Bridging-Header.h";
				SWIFT_VERSION = 4.0;
				TARGETED_DEVICE_FAMILY = "1,2";
			};
			name = Release;
		};
		8F1F87D22050C71200C0584A /* Debug */ = {
			isa = XCBuildConfiguration;
			buildSettings = {
				ALWAYS_EMBED_SWIFT_STANDARD_LIBRARIES = YES;
				BUNDLE_LOADER = "$(TEST_HOST)";
				CODE_SIGN_STYLE = Automatic;
				DEVELOPMENT_TEAM = JZ4N33QRV7;
				INFOPLIST_FILE = HLSinaWeiboTests/Info.plist;
				LD_RUNPATH_SEARCH_PATHS = "$(inherited) @executable_path/Frameworks @loader_path/Frameworks";
				PRODUCT_BUNDLE_IDENTIFIER = HuilinZhu.DianZhi.Com.HLSinaWeiboTests;
				PRODUCT_NAME = "$(TARGET_NAME)";
				SWIFT_VERSION = 4.0;
				TARGETED_DEVICE_FAMILY = "1,2";
				TEST_HOST = "$(BUILT_PRODUCTS_DIR)/HLSinaWeibo.app/HLSinaWeibo";
			};
			name = Debug;
		};
		8F1F87D32050C71200C0584A /* Release */ = {
			isa = XCBuildConfiguration;
			buildSettings = {
				ALWAYS_EMBED_SWIFT_STANDARD_LIBRARIES = YES;
				BUNDLE_LOADER = "$(TEST_HOST)";
				CODE_SIGN_STYLE = Automatic;
				DEVELOPMENT_TEAM = JZ4N33QRV7;
				INFOPLIST_FILE = HLSinaWeiboTests/Info.plist;
				LD_RUNPATH_SEARCH_PATHS = "$(inherited) @executable_path/Frameworks @loader_path/Frameworks";
				PRODUCT_BUNDLE_IDENTIFIER = HuilinZhu.DianZhi.Com.HLSinaWeiboTests;
				PRODUCT_NAME = "$(TARGET_NAME)";
				SWIFT_VERSION = 4.0;
				TARGETED_DEVICE_FAMILY = "1,2";
				TEST_HOST = "$(BUILT_PRODUCTS_DIR)/HLSinaWeibo.app/HLSinaWeibo";
			};
			name = Release;
		};
		8F1F87D52050C71200C0584A /* Debug */ = {
			isa = XCBuildConfiguration;
			buildSettings = {
				ALWAYS_EMBED_SWIFT_STANDARD_LIBRARIES = YES;
				CODE_SIGN_STYLE = Automatic;
				DEVELOPMENT_TEAM = JZ4N33QRV7;
				INFOPLIST_FILE = HLSinaWeiboUITests/Info.plist;
				LD_RUNPATH_SEARCH_PATHS = "$(inherited) @executable_path/Frameworks @loader_path/Frameworks";
				PRODUCT_BUNDLE_IDENTIFIER = HuilinZhu.DianZhi.Com.HLSinaWeiboUITests;
				PRODUCT_NAME = "$(TARGET_NAME)";
				SWIFT_VERSION = 4.0;
				TARGETED_DEVICE_FAMILY = "1,2";
				TEST_TARGET_NAME = HLSinaWeibo;
			};
			name = Debug;
		};
		8F1F87D62050C71200C0584A /* Release */ = {
			isa = XCBuildConfiguration;
			buildSettings = {
				ALWAYS_EMBED_SWIFT_STANDARD_LIBRARIES = YES;
				CODE_SIGN_STYLE = Automatic;
				DEVELOPMENT_TEAM = JZ4N33QRV7;
				INFOPLIST_FILE = HLSinaWeiboUITests/Info.plist;
				LD_RUNPATH_SEARCH_PATHS = "$(inherited) @executable_path/Frameworks @loader_path/Frameworks";
				PRODUCT_BUNDLE_IDENTIFIER = HuilinZhu.DianZhi.Com.HLSinaWeiboUITests;
				PRODUCT_NAME = "$(TARGET_NAME)";
				SWIFT_VERSION = 4.0;
				TARGETED_DEVICE_FAMILY = "1,2";
				TEST_TARGET_NAME = HLSinaWeibo;
			};
			name = Release;
		};
/* End XCBuildConfiguration section */

/* Begin XCConfigurationList section */
		8F1F87A12050C71200C0584A /* Build configuration list for PBXProject "HLSinaWeibo" */ = {
			isa = XCConfigurationList;
			buildConfigurations = (
				8F1F87CC2050C71200C0584A /* Debug */,
				8F1F87CD2050C71200C0584A /* Release */,
			);
			defaultConfigurationIsVisible = 0;
			defaultConfigurationName = Release;
		};
		8F1F87CE2050C71200C0584A /* Build configuration list for PBXNativeTarget "HLSinaWeibo" */ = {
			isa = XCConfigurationList;
			buildConfigurations = (
				8F1F87CF2050C71200C0584A /* Debug */,
				8F1F87D02050C71200C0584A /* Release */,
			);
			defaultConfigurationIsVisible = 0;
			defaultConfigurationName = Release;
		};
		8F1F87D12050C71200C0584A /* Build configuration list for PBXNativeTarget "HLSinaWeiboTests" */ = {
			isa = XCConfigurationList;
			buildConfigurations = (
				8F1F87D22050C71200C0584A /* Debug */,
				8F1F87D32050C71200C0584A /* Release */,
			);
			defaultConfigurationIsVisible = 0;
			defaultConfigurationName = Release;
		};
		8F1F87D42050C71200C0584A /* Build configuration list for PBXNativeTarget "HLSinaWeiboUITests" */ = {
			isa = XCConfigurationList;
			buildConfigurations = (
				8F1F87D52050C71200C0584A /* Debug */,
				8F1F87D62050C71200C0584A /* Release */,
			);
			defaultConfigurationIsVisible = 0;
			defaultConfigurationName = Release;
		};
/* End XCConfigurationList section */
	};
	rootObject = 8F1F879E2050C71200C0584A /* Project object */;
}
